// !$*UTF8*$!
{
	archiveVersion = 1;
	classes = {
	};
	objectVersion = 53;
	objects = {

/* Begin PBXBuildFile section */
		52B9D47A2A55FE9B0057C463 /* AppDelegate.swift in Sources */ = {isa = PBXBuildFile; fileRef = 52B9D4792A55FE9B0057C463 /* AppDelegate.swift */; };
		52B9D47C2A55FE9B0057C463 /* SceneDelegate.swift in Sources */ = {isa = PBXBuildFile; fileRef = 52B9D47B2A55FE9B0057C463 /* SceneDelegate.swift */; };
		52B9D47E2A55FE9B0057C463 /* ViewController.swift in Sources */ = {isa = PBXBuildFile; fileRef = 52B9D47D2A55FE9B0057C463 /* ViewController.swift */; };
		52B9D4812A55FE9B0057C463 /* Main.storyboard in Resources */ = {isa = PBXBuildFile; fileRef = 52B9D47F2A55FE9B0057C463 /* Main.storyboard */; };
		52B9D4832A55FE9D0057C463 /* Assets.xcassets in Resources */ = {isa = PBXBuildFile; fileRef = 52B9D4822A55FE9D0057C463 /* Assets.xcassets */; };
		52B9D4862A55FE9D0057C463 /* LaunchScreen.storyboard in Resources */ = {isa = PBXBuildFile; fileRef = 52B9D4842A55FE9D0057C463 /* LaunchScreen.storyboard */; };
		52B9D4902A56005C0057C463 /* KeyboardViewController.swift in Sources */ = {isa = PBXBuildFile; fileRef = 52B9D48F2A56005C0057C463 /* KeyboardViewController.swift */; };
		52B9D4922A5600810057C463 /* BoardViewController.swift in Sources */ = {isa = PBXBuildFile; fileRef = 52B9D4912A5600810057C463 /* BoardViewController.swift */; };
		52B9D4942A564DDF0057C463 /* KeyCell.swift in Sources */ = {isa = PBXBuildFile; fileRef = 52B9D4932A564DDF0057C463 /* KeyCell.swift */; };
/* End PBXBuildFile section */

/* Begin PBXFileReference section */
		52B9D4762A55FE9B0057C463 /* WORDLE.app */ = {isa = PBXFileReference; explicitFileType = wrapper.application; includeInIndex = 0; path = WORDLE.app; sourceTree = BUILT_PRODUCTS_DIR; };
		52B9D4792A55FE9B0057C463 /* AppDelegate.swift */ = {isa = PBXFileReference; lastKnownFileType = sourcecode.swift; path = AppDelegate.swift; sourceTree = "<group>"; };
		52B9D47B2A55FE9B0057C463 /* SceneDelegate.swift */ = {isa = PBXFileReference; lastKnownFileType = sourcecode.swift; path = SceneDelegate.swift; sourceTree = "<group>"; };
		52B9D47D2A55FE9B0057C463 /* ViewController.swift */ = {isa = PBXFileReference; lastKnownFileType = sourcecode.swift; path = ViewController.swift; sourceTree = "<group>"; };
		52B9D4802A55FE9B0057C463 /* Base */ = {isa = PBXFileReference; lastKnownFileType = file.storyboard; name = Base; path = Base.lproj/Main.storyboard; sourceTree = "<group>"; };
		52B9D4822A55FE9D0057C463 /* Assets.xcassets */ = {isa = PBXFileReference; lastKnownFileType = folder.assetcatalog; path = Assets.xcassets; sourceTree = "<group>"; };
		52B9D4852A55FE9D0057C463 /* Base */ = {isa = PBXFileReference; lastKnownFileType = file.storyboard; name = Base; path = Base.lproj/LaunchScreen.storyboard; sourceTree = "<group>"; };
		52B9D4872A55FE9D0057C463 /* Info.plist */ = {isa = PBXFileReference; lastKnownFileType = text.plist.xml; path = Info.plist; sourceTree = "<group>"; };
		52B9D48F2A56005C0057C463 /* KeyboardViewController.swift */ = {isa = PBXFileReference; lastKnownFileType = sourcecode.swift; path = KeyboardViewController.swift; sourceTree = "<group>"; };
		52B9D4912A5600810057C463 /* BoardViewController.swift */ = {isa = PBXFileReference; lastKnownFileType = sourcecode.swift; path = BoardViewController.swift; sourceTree = "<group>"; };
		52B9D4932A564DDF0057C463 /* KeyCell.swift */ = {isa = PBXFileReference; lastKnownFileType = sourcecode.swift; path = KeyCell.swift; sourceTree = "<group>"; };
/* End PBXFileReference section */

/* Begin PBXFrameworksBuildPhase section */
		52B9D4732A55FE9B0057C463 /* Frameworks */ = {
			isa = PBXFrameworksBuildPhase;
			buildActionMask = 2147483647;
			files = (
			);
			runOnlyForDeploymentPostprocessing = 0;
		};
/* End PBXFrameworksBuildPhase section */

/* Begin PBXGroup section */
		52B9D46D2A55FE9B0057C463 = {
			isa = PBXGroup;
			children = (
				52B9D4782A55FE9B0057C463 /* WORDLE */,
				52B9D4772A55FE9B0057C463 /* Products */,
			);
			sourceTree = "<group>";
		};
		52B9D4772A55FE9B0057C463 /* Products */ = {
			isa = PBXGroup;
			children = (
				52B9D4762A55FE9B0057C463 /* WORDLE.app */,
			);
			name = Products;
			sourceTree = "<group>";
		};
		52B9D4782A55FE9B0057C463 /* WORDLE */ = {
			isa = PBXGroup;
			children = (
				52B9D48E2A55FF9B0057C463 /* Other */,
				52B9D48D2A55FF6E0057C463 /* Core */,
				52B9D47D2A55FE9B0057C463 /* ViewController.swift */,
				52B9D4872A55FE9D0057C463 /* Info.plist */,
			);
			path = WORDLE;
			sourceTree = "<group>";
		};
		52B9D48D2A55FF6E0057C463 /* Core */ = {
			isa = PBXGroup;
			children = (
				52B9D48F2A56005C0057C463 /* KeyboardViewController.swift */,
				52B9D4912A5600810057C463 /* BoardViewController.swift */,
				52B9D4932A564DDF0057C463 /* KeyCell.swift */,
			);
			path = Core;
			sourceTree = "<group>";
		};
		52B9D48E2A55FF9B0057C463 /* Other */ = {
			isa = PBXGroup;
			children = (
				52B9D47B2A55FE9B0057C463 /* SceneDelegate.swift */,
				52B9D4792A55FE9B0057C463 /* AppDelegate.swift */,
				52B9D4822A55FE9D0057C463 /* Assets.xcassets */,
				52B9D4842A55FE9D0057C463 /* LaunchScreen.storyboard */,
				52B9D47F2A55FE9B0057C463 /* Main.storyboard */,
			);
			path = Other;
			sourceTree = "<group>";
		};
/* End PBXGroup section */

/* Begin PBXNativeTarget section */
		52B9D4752A55FE9B0057C463 /* WORDLE */ = {
			isa = PBXNativeTarget;
			buildConfigurationList = 52B9D48A2A55FE9D0057C463 /* Build configuration list for PBXNativeTarget "WORDLE" */;
			buildPhases = (
				52B9D4722A55FE9B0057C463 /* Sources */,
				52B9D4732A55FE9B0057C463 /* Frameworks */,
				52B9D4742A55FE9B0057C463 /* Resources */,
			);
			buildRules = (
			);
			dependencies = (
			);
			name = WORDLE;
			productName = WORDLE;
			productReference = 52B9D4762A55FE9B0057C463 /* WORDLE.app */;
			productType = "com.apple.product-type.application";
		};
/* End PBXNativeTarget section */

/* Begin PBXProject section */
		52B9D46E2A55FE9B0057C463 /* Project object */ = {
			isa = PBXProject;
			attributes = {
				BuildIndependentTargetsInParallel = 1;
				LastSwiftUpdateCheck = 1420;
				LastUpgradeCheck = 1420;
				TargetAttributes = {
					52B9D4752A55FE9B0057C463 = {
						CreatedOnToolsVersion = 14.2;
					};
				};
			};
			buildConfigurationList = 52B9D4712A55FE9B0057C463 /* Build configuration list for PBXProject "WORDLE" */;
			compatibilityVersion = "Xcode 11.0";
			developmentRegion = en;
			hasScannedForEncodings = 0;
			knownRegions = (
				en,
				Base,
			);
			mainGroup = 52B9D46D2A55FE9B0057C463;
			productRefGroup = 52B9D4772A55FE9B0057C463 /* Products */;
			projectDirPath = "";
			projectRoot = "";
			targets = (
				52B9D4752A55FE9B0057C463 /* WORDLE */,
			);
		};
/* End PBXProject section */

/* Begin PBXResourcesBuildPhase section */
		52B9D4742A55FE9B0057C463 /* Resources */ = {
			isa = PBXResourcesBuildPhase;
			buildActionMask = 2147483647;
			files = (
				52B9D4862A55FE9D0057C463 /* LaunchScreen.storyboard in Resources */,
				52B9D4832A55FE9D0057C463 /* Assets.xcassets in Resources */,
				52B9D4812A55FE9B0057C463 /* Main.storyboard in Resources */,
			);
			runOnlyForDeploymentPostprocessing = 0;
		};
/* End PBXResourcesBuildPhase section */

/* Begin PBXSourcesBuildPhase section */
		52B9D4722A55FE9B0057C463 /* Sources */ = {
			isa = PBXSourcesBuildPhase;
			buildActionMask = 2147483647;
			files = (
				52B9D47E2A55FE9B0057C463 /* ViewController.swift in Sources */,
				52B9D47A2A55FE9B0057C463 /* AppDelegate.swift in Sources */,
				52B9D47C2A55FE9B0057C463 /* SceneDelegate.swift in Sources */,
				52B9D4942A564DDF0057C463 /* KeyCell.swift in Sources */,
				52B9D4902A56005C0057C463 /* KeyboardViewController.swift in Sources */,
				52B9D4922A5600810057C463 /* BoardViewController.swift in Sources */,
			);
			runOnlyForDeploymentPostprocessing = 0;
		};
/* End PBXSourcesBuildPhase section */

/* Begin PBXVariantGroup section */
		52B9D47F2A55FE9B0057C463 /* Main.storyboard */ = {
			isa = PBXVariantGroup;
			children = (
				52B9D4802A55FE9B0057C463 /* Base */,
			);
			name = Main.storyboard;
			sourceTree = "<group>";
		};
		52B9D4842A55FE9D0057C463 /* LaunchScreen.storyboard */ = {
			isa = PBXVariantGroup;
			children = (
				52B9D4852A55FE9D0057C463 /* Base */,
			);
			name = LaunchScreen.storyboard;
			sourceTree = "<group>";
		};
/* End PBXVariantGroup section */

/* Begin XCBuildConfiguration section */
		52B9D4882A55FE9D0057C463 /* Debug */ = {
			isa = XCBuildConfiguration;
			buildSettings = {
				ALWAYS_SEARCH_USER_PATHS = NO;
				CLANG_ANALYZER_NONNULL = YES;
				CLANG_ANALYZER_NUMBER_OBJECT_CONVERSION = YES_AGGRESSIVE;
				CLANG_CXX_LANGUAGE_STANDARD = "gnu++20";
				CLANG_ENABLE_MODULES = YES;
				CLANG_ENABLE_OBJC_ARC = YES;
				CLANG_ENABLE_OBJC_WEAK = YES;
				CLANG_WARN_BLOCK_CAPTURE_AUTORELEASING = YES;
				CLANG_WARN_BOOL_CONVERSION = YES;
				CLANG_WARN_COMMA = YES;
				CLANG_WARN_CONSTANT_CONVERSION = YES;
				CLANG_WARN_DEPRECATED_OBJC_IMPLEMENTATIONS = YES;
				CLANG_WARN_DIRECT_OBJC_ISA_USAGE = YES_ERROR;
				CLANG_WARN_DOCUMENTATION_COMMENTS = YES;
				CLANG_WARN_EMPTY_BODY = YES;
				CLANG_WARN_ENUM_CONVERSION = YES;
				CLANG_WARN_INFINITE_RECURSION = YES;
				CLANG_WARN_INT_CONVERSION = YES;
				CLANG_WARN_NON_LITERAL_NULL_CONVERSION = YES;
				CLANG_WARN_OBJC_IMPLICIT_RETAIN_SELF = YES;
				CLANG_WARN_OBJC_LITERAL_CONVERSION = YES;
				CLANG_WARN_OBJC_ROOT_CLASS = YES_ERROR;
				CLANG_WARN_QUOTED_INCLUDE_IN_FRAMEWORK_HEADER = YES;
				CLANG_WARN_RANGE_LOOP_ANALYSIS = YES;
				CLANG_WARN_STRICT_PROTOTYPES = YES;
				CLANG_WARN_SUSPICIOUS_MOVE = YES;
				CLANG_WARN_UNGUARDED_AVAILABILITY = YES_AGGRESSIVE;
				CLANG_WARN_UNREACHABLE_CODE = YES;
				CLANG_WARN__DUPLICATE_METHOD_MATCH = YES;
				COPY_PHASE_STRIP = NO;
				DEBUG_INFORMATION_FORMAT = dwarf;
				ENABLE_STRICT_OBJC_MSGSEND = YES;
				ENABLE_TESTABILITY = YES;
				GCC_C_LANGUAGE_STANDARD = gnu11;
				GCC_DYNAMIC_NO_PIC = NO;
				GCC_NO_COMMON_BLOCKS = YES;
				GCC_OPTIMIZATION_LEVEL = 0;
				GCC_PREPROCESSOR_DEFINITIONS = (
					"DEBUG=1",
					"$(inherited)",
				);
				GCC_WARN_64_TO_32_BIT_CONVERSION = YES;
				GCC_WARN_ABOUT_RETURN_TYPE = YES_ERROR;
				GCC_WARN_UNDECLARED_SELECTOR = YES;
				GCC_WARN_UNINITIALIZED_AUTOS = YES_AGGRESSIVE;
				GCC_WARN_UNUSED_FUNCTION = YES;
				GCC_WARN_UNUSED_VARIABLE = YES;
				IPHONEOS_DEPLOYMENT_TARGET = 13.0;
				MTL_ENABLE_DEBUG_INFO = INCLUDE_SOURCE;
				MTL_FAST_MATH = YES;
				ONLY_ACTIVE_ARCH = YES;
				SDKROOT = iphoneos;
				SWIFT_ACTIVE_COMPILATION_CONDITIONS = DEBUG;
				SWIFT_OPTIMIZATION_LEVEL = "-Onone";
				SWIFT_VERSION = 5.0;
			};
			name = Debug;
		};
		52B9D4892A55FE9D0057C463 /* Release */ = {
			isa = XCBuildConfiguration;
			buildSettings = {
				ALWAYS_SEARCH_USER_PATHS = NO;
				CLANG_ANALYZER_NONNULL = YES;
				CLANG_ANALYZER_NUMBER_OBJECT_CONVERSION = YES_AGGRESSIVE;
				CLANG_CXX_LANGUAGE_STANDARD = "gnu++20";
				CLANG_ENABLE_MODULES = YES;
				CLANG_ENABLE_OBJC_ARC = YES;
				CLANG_ENABLE_OBJC_WEAK = YES;
				CLANG_WARN_BLOCK_CAPTURE_AUTORELEASING = YES;
				CLANG_WARN_BOOL_CONVERSION = YES;
				CLANG_WARN_COMMA = YES;
				CLANG_WARN_CONSTANT_CONVERSION = YES;
				CLANG_WARN_DEPRECATED_OBJC_IMPLEMENTATIONS = YES;
				CLANG_WARN_DIRECT_OBJC_ISA_USAGE = YES_ERROR;
				CLANG_WARN_DOCUMENTATION_COMMENTS = YES;
				CLANG_WARN_EMPTY_BODY = YES;
				CLANG_WARN_ENUM_CONVERSION = YES;
				CLANG_WARN_INFINITE_RECURSION = YES;
				CLANG_WARN_INT_CONVERSION = YES;
				CLANG_WARN_NON_LITERAL_NULL_CONVERSION = YES;
				CLANG_WARN_OBJC_IMPLICIT_RETAIN_SELF = YES;
				CLANG_WARN_OBJC_LITERAL_CONVERSION = YES;
				CLANG_WARN_OBJC_ROOT_CLASS = YES_ERROR;
				CLANG_WARN_QUOTED_INCLUDE_IN_FRAMEWORK_HEADER = YES;
				CLANG_WARN_RANGE_LOOP_ANALYSIS = YES;
				CLANG_WARN_STRICT_PROTOTYPES = YES;
				CLANG_WARN_SUSPICIOUS_MOVE = YES;
				CLANG_WARN_UNGUARDED_AVAILABILITY = YES_AGGRESSIVE;
				CLANG_WARN_UNREACHABLE_CODE = YES;
				CLANG_WARN__DUPLICATE_METHOD_MATCH = YES;
				COPY_PHASE_STRIP = NO;
				DEBUG_INFORMATION_FORMAT = "dwarf-with-dsym";
				ENABLE_NS_ASSERTIONS = NO;
				ENABLE_STRICT_OBJC_MSGSEND = YES;
				GCC_C_LANGUAGE_STANDARD = gnu11;
				GCC_NO_COMMON_BLOCKS = YES;
				GCC_WARN_64_TO_32_BIT_CONVERSION = YES;
				GCC_WARN_ABOUT_RETURN_TYPE = YES_ERROR;
				GCC_WARN_UNDECLARED_SELECTOR = YES;
				GCC_WARN_UNINITIALIZED_AUTOS = YES_AGGRESSIVE;
				GCC_WARN_UNUSED_FUNCTION = YES;
				GCC_WARN_UNUSED_VARIABLE = YES;
				IPHONEOS_DEPLOYMENT_TARGET = 13.0;
				MTL_ENABLE_DEBUG_INFO = NO;
				MTL_FAST_MATH = YES;
				SDKROOT = iphoneos;
				SWIFT_COMPILATION_MODE = wholemodule;
				SWIFT_OPTIMIZATION_LEVEL = "-O";
				SWIFT_VERSION = 5.0;
				VALIDATE_PRODUCT = YES;
			};
			name = Release;
		};
		52B9D48B2A55FE9D0057C463 /* Debug */ = {
			isa = XCBuildConfiguration;
			buildSettings = {
				ASSETCATALOG_COMPILER_APPICON_NAME = AppIcon;
				ASSETCATALOG_COMPILER_GLOBAL_ACCENT_COLOR_NAME = AccentColor;
				CODE_SIGN_STYLE = Automatic;
				CURRENT_PROJECT_VERSION = 1;
				GENERATE_INFOPLIST_FILE = YES;
				INFOPLIST_FILE = WORDLE/Info.plist;
				INFOPLIST_KEY_UIApplicationSupportsIndirectInputEvents = YES;
				INFOPLIST_KEY_UILaunchStoryboardName = LaunchScreen;
				INFOPLIST_KEY_UIMainStoryboardFile = Main;
				INFOPLIST_KEY_UISupportedInterfaceOrientations_iPad = "UIInterfaceOrientationPortrait UIInterfaceOrientationPortraitUpsideDown UIInterfaceOrientationLandscapeLeft UIInterfaceOrientationLandscapeRight";
				INFOPLIST_KEY_UISupportedInterfaceOrientations_iPhone = "UIInterfaceOrientationPortrait UIInterfaceOrientationLandscapeLeft UIInterfaceOrientationLandscapeRight";
				IPHONEOS_DEPLOYMENT_TARGET = 13.0;
				LD_RUNPATH_SEARCH_PATHS = (
					"$(inherited)",
					"@executable_path/Frameworks",
				);
				MARKETING_VERSION = 1.0;
				PRODUCT_BUNDLE_IDENTIFIER = "aacharya11-leomail.tamuc.edu.WORDLE";
				PRODUCT_NAME = "$(TARGET_NAME)";
				SWIFT_EMIT_LOC_STRINGS = YES;
				SWIFT_VERSION = 5.0;
				TARGETED_DEVICE_FAMILY = "1,2";
			};
			name = Debug;
		};
		52B9D48C2A55FE9D0057C463 /* Release */ = {
			isa = XCBuildConfiguration;
			buildSettings = {
				ASSETCATALOG_COMPILER_APPICON_NAME = AppIcon;
				ASSETCATALOG_COMPILER_GLOBAL_ACCENT_COLOR_NAME = AccentColor;
				CODE_SIGN_STYLE = Automatic;
				CURRENT_PROJECT_VERSION = 1;
				GENERATE_INFOPLIST_FILE = YES;
				INFOPLIST_FILE = WORDLE/Info.plist;
				INFOPLIST_KEY_UIApplicationSupportsIndirectInputEvents = YES;
				INFOPLIST_KEY_UILaunchStoryboardName = LaunchScreen;
				INFOPLIST_KEY_UIMainStoryboardFile = Main;
				INFOPLIST_KEY_UISupportedInterfaceOrientations_iPad = "UIInterfaceOrientationPortrait UIInterfaceOrientationPortraitUpsideDown UIInterfaceOrientationLandscapeLeft UIInterfaceOrientationLandscapeRight";
				INFOPLIST_KEY_UISupportedInterfaceOrientations_iPhone = "UIInterfaceOrientationPortrait UIInterfaceOrientationLandscapeLeft UIInterfaceOrientationLandscapeRight";
				IPHONEOS_DEPLOYMENT_TARGET = 13.0;
				LD_RUNPATH_SEARCH_PATHS = (
					"$(inherited)",
					"@executable_path/Frameworks",
				);
				MARKETING_VERSION = 1.0;
				PRODUCT_BUNDLE_IDENTIFIER = "aacharya11-leomail.tamuc.edu.WORDLE";
				PRODUCT_NAME = "$(TARGET_NAME)";
				SWIFT_EMIT_LOC_STRINGS = YES;
				SWIFT_VERSION = 5.0;
				TARGETED_DEVICE_FAMILY = "1,2";
			};
			name = Release;
		};
/* End XCBuildConfiguration section */

/* Begin XCConfigurationList section */
		52B9D4712A55FE9B0057C463 /* Build configuration list for PBXProject "WORDLE" */ = {
			isa = XCConfigurationList;
			buildConfigurations = (
				52B9D4882A55FE9D0057C463 /* Debug */,
				52B9D4892A55FE9D0057C463 /* Release */,
			);
			defaultConfigurationIsVisible = 0;
			defaultConfigurationName = Release;
		};
		52B9D48A2A55FE9D0057C463 /* Build configuration list for PBXNativeTarget "WORDLE" */ = {
			isa = XCConfigurationList;
			buildConfigurations = (
				52B9D48B2A55FE9D0057C463 /* Debug */,
				52B9D48C2A55FE9D0057C463 /* Release */,
			);
			defaultConfigurationIsVisible = 0;
			defaultConfigurationName = Release;
		};
/* End XCConfigurationList section */
	};
	rootObject = 52B9D46E2A55FE9B0057C463 /* Project object */;
}
